
Microsoft Visual Studio Solution File, Format Version 12.00
# Visual Studio Version 17
VisualStudioVersion = 17.9.34310.174
MinimumVisualStudioVersion = 10.0.40219.1
Project("{2150E333-8FDC-42A3-9474-1A3956D46DE8}") = "Services", "Services", "{273BD7DB-8907-41C8-9952-83C9A3EB1A03}"
EndProject
Project("{2150E333-8FDC-42A3-9474-1A3956D46DE8}") = "Hotel", "Hotel", "{4FCD9428-40D8-49D4-851D-3E860322B23E}"
EndProject
Project("{9A19103F-16F7-4668-BE54-9A1E7A4F7556}") = "HotelAPI", "Services\Hotel\HotelAPI\HotelAPI.csproj", "{C1D5443F-B553-49CE-9C3E-F7AADFA7DB6B}"
EndProject
Project("{2150E333-8FDC-42A3-9474-1A3956D46DE8}") = "Ports", "Ports", "{D1CE384C-0AEB-4308-B18F-6A96D626BABC}"
	ProjectSection(SolutionItems) = preProject
		hotel.txt = hotel.txt
	EndProjectSection
EndProject
Project("{9A19103F-16F7-4668-BE54-9A1E7A4F7556}") = "HotelAPI.Infrastructure", "Services\Hotel\HotelAPI.Infrastructure\HotelAPI.Infrastructure.csproj", "{9688FDE6-CA16-4813-8FF2-6353DFB9830F}"
EndProject
Project("{9A19103F-16F7-4668-BE54-9A1E7A4F7556}") = "HotelAPI.Models", "Services\Hotel\HotelAPI.Models\HotelAPI.Models.csproj", "{D95E5601-83ED-4A50-9F09-122FC92E591D}"
EndProject
Project("{9A19103F-16F7-4668-BE54-9A1E7A4F7556}") = "HotelAPI.Service", "Services\Hotel\HotelAPI.Service\HotelAPI.Service.csproj", "{4620C93A-6113-46E4-BCBB-3288579D8612}"
EndProject
Project("{2150E333-8FDC-42A3-9474-1A3956D46DE8}") = "Report", "Report", "{266BE710-0F23-433C-A7AA-8B34048F3A4F}"
EndProject
Project("{FAE04EC0-301F-11D3-BF4B-00C04F79EFBC}") = "ReportAPI", "Services\Report\ReportAPI\ReportAPI.csproj", "{644A465E-8F7B-42F5-B75E-609B50DFED45}"
EndProject
Project("{FAE04EC0-301F-11D3-BF4B-00C04F79EFBC}") = "ReportAPI.Models", "Services\Report\ReportAPI.Models\ReportAPI.Models.csproj", "{D06AEDE9-5176-4E5F-847E-D501C7B3749B}"
EndProject
Project("{FAE04EC0-301F-11D3-BF4B-00C04F79EFBC}") = "ReportAPI.Infrastructure", "Services\Report\ReportAPI.Infrastructure\ReportAPI.Infrastructure.csproj", "{D29FE726-B8BA-4BFB-ACFF-73377BBABB3B}"
EndProject
Project("{FAE04EC0-301F-11D3-BF4B-00C04F79EFBC}") = "ReportAPI.Service", "Services\Report\ReportAPI.Service\ReportAPI.Service.csproj", "{5C753CC3-5C0B-43E4-8843-5FC983C813C1}"
EndProject
Project("{2150E333-8FDC-42A3-9474-1A3956D46DE8}") = "ApiGateway", "ApiGateway", "{44276B0F-FE0A-4E3A-945F-83E8FBCAD752}"
EndProject
Project("{FAE04EC0-301F-11D3-BF4B-00C04F79EFBC}") = "APIGateway", "ApiGateway\APIGateway\APIGateway.csproj", "{1C060ED8-3524-4DAC-8924-607A7D3EECF8}"
EndProject
Global
	GlobalSection(SolutionConfigurationPlatforms) = preSolution
		Debug|Any CPU = Debug|Any CPU
		Release|Any CPU = Release|Any CPU
	EndGlobalSection
	GlobalSection(ProjectConfigurationPlatforms) = postSolution
		{C1D5443F-B553-49CE-9C3E-F7AADFA7DB6B}.Debug|Any CPU.ActiveCfg = Debug|Any CPU
		{C1D5443F-B553-49CE-9C3E-F7AADFA7DB6B}.Debug|Any CPU.Build.0 = Debug|Any CPU
		{C1D5443F-B553-49CE-9C3E-F7AADFA7DB6B}.Release|Any CPU.ActiveCfg = Release|Any CPU
		{C1D5443F-B553-49CE-9C3E-F7AADFA7DB6B}.Release|Any CPU.Build.0 = Release|Any CPU
		{9688FDE6-CA16-4813-8FF2-6353DFB9830F}.Debug|Any CPU.ActiveCfg = Debug|Any CPU
		{9688FDE6-CA16-4813-8FF2-6353DFB9830F}.Debug|Any CPU.Build.0 = Debug|Any CPU
		{9688FDE6-CA16-4813-8FF2-6353DFB9830F}.Release|Any CPU.ActiveCfg = Release|Any CPU
		{9688FDE6-CA16-4813-8FF2-6353DFB9830F}.Release|Any CPU.Build.0 = Release|Any CPU
		{D95E5601-83ED-4A50-9F09-122FC92E591D}.Debug|Any CPU.ActiveCfg = Debug|Any CPU
		{D95E5601-83ED-4A50-9F09-122FC92E591D}.Debug|Any CPU.Build.0 = Debug|Any CPU
		{D95E5601-83ED-4A50-9F09-122FC92E591D}.Release|Any CPU.ActiveCfg = Release|Any CPU
		{D95E5601-83ED-4A50-9F09-122FC92E591D}.Release|Any CPU.Build.0 = Release|Any CPU
		{4620C93A-6113-46E4-BCBB-3288579D8612}.Debug|Any CPU.ActiveCfg = Debug|Any CPU
		{4620C93A-6113-46E4-BCBB-3288579D8612}.Debug|Any CPU.Build.0 = Debug|Any CPU
		{4620C93A-6113-46E4-BCBB-3288579D8612}.Release|Any CPU.ActiveCfg = Release|Any CPU
		{4620C93A-6113-46E4-BCBB-3288579D8612}.Release|Any CPU.Build.0 = Release|Any CPU
		{644A465E-8F7B-42F5-B75E-609B50DFED45}.Debug|Any CPU.ActiveCfg = Debug|Any CPU
		{644A465E-8F7B-42F5-B75E-609B50DFED45}.Debug|Any CPU.Build.0 = Debug|Any CPU
		{644A465E-8F7B-42F5-B75E-609B50DFED45}.Release|Any CPU.ActiveCfg = Release|Any CPU
		{644A465E-8F7B-42F5-B75E-609B50DFED45}.Release|Any CPU.Build.0 = Release|Any CPU
		{D06AEDE9-5176-4E5F-847E-D501C7B3749B}.Debug|Any CPU.ActiveCfg = Debug|Any CPU
		{D06AEDE9-5176-4E5F-847E-D501C7B3749B}.Debug|Any CPU.Build.0 = Debug|Any CPU
		{D06AEDE9-5176-4E5F-847E-D501C7B3749B}.Release|Any CPU.ActiveCfg = Release|Any CPU
		{D06AEDE9-5176-4E5F-847E-D501C7B3749B}.Release|Any CPU.Build.0 = Release|Any CPU
		{D29FE726-B8BA-4BFB-ACFF-73377BBABB3B}.Debug|Any CPU.ActiveCfg = Debug|Any CPU
		{D29FE726-B8BA-4BFB-ACFF-73377BBABB3B}.Debug|Any CPU.Build.0 = Debug|Any CPU
		{D29FE726-B8BA-4BFB-ACFF-73377BBABB3B}.Release|Any CPU.ActiveCfg = Release|Any CPU
		{D29FE726-B8BA-4BFB-ACFF-73377BBABB3B}.Release|Any CPU.Build.0 = Release|Any CPU
		{5C753CC3-5C0B-43E4-8843-5FC983C813C1}.Debug|Any CPU.ActiveCfg = Debug|Any CPU
		{5C753CC3-5C0B-43E4-8843-5FC983C813C1}.Debug|Any CPU.Build.0 = Debug|Any CPU
		{5C753CC3-5C0B-43E4-8843-5FC983C813C1}.Release|Any CPU.ActiveCfg = Release|Any CPU
		{5C753CC3-5C0B-43E4-8843-5FC983C813C1}.Release|Any CPU.Build.0 = Release|Any CPU
		{1C060ED8-3524-4DAC-8924-607A7D3EECF8}.Debug|Any CPU.ActiveCfg = Debug|Any CPU
		{1C060ED8-3524-4DAC-8924-607A7D3EECF8}.Debug|Any CPU.Build.0 = Debug|Any CPU
		{1C060ED8-3524-4DAC-8924-607A7D3EECF8}.Release|Any CPU.ActiveCfg = Release|Any CPU
		{1C060ED8-3524-4DAC-8924-607A7D3EECF8}.Release|Any CPU.Build.0 = Release|Any CPU
	EndGlobalSection
	GlobalSection(SolutionProperties) = preSolution
		HideSolutionNode = FALSE
	EndGlobalSection
	GlobalSection(NestedProjects) = preSolution
		{4FCD9428-40D8-49D4-851D-3E860322B23E} = {273BD7DB-8907-41C8-9952-83C9A3EB1A03}
		{C1D5443F-B553-49CE-9C3E-F7AADFA7DB6B} = {4FCD9428-40D8-49D4-851D-3E860322B23E}
		{9688FDE6-CA16-4813-8FF2-6353DFB9830F} = {4FCD9428-40D8-49D4-851D-3E860322B23E}
		{D95E5601-83ED-4A50-9F09-122FC92E591D} = {4FCD9428-40D8-49D4-851D-3E860322B23E}
		{4620C93A-6113-46E4-BCBB-3288579D8612} = {4FCD9428-40D8-49D4-851D-3E860322B23E}
		{266BE710-0F23-433C-A7AA-8B34048F3A4F} = {273BD7DB-8907-41C8-9952-83C9A3EB1A03}
		{644A465E-8F7B-42F5-B75E-609B50DFED45} = {266BE710-0F23-433C-A7AA-8B34048F3A4F}
		{D06AEDE9-5176-4E5F-847E-D501C7B3749B} = {266BE710-0F23-433C-A7AA-8B34048F3A4F}
		{D29FE726-B8BA-4BFB-ACFF-73377BBABB3B} = {266BE710-0F23-433C-A7AA-8B34048F3A4F}
		{5C753CC3-5C0B-43E4-8843-5FC983C813C1} = {266BE710-0F23-433C-A7AA-8B34048F3A4F}
		{1C060ED8-3524-4DAC-8924-607A7D3EECF8} = {44276B0F-FE0A-4E3A-945F-83E8FBCAD752}
	EndGlobalSection
	GlobalSection(ExtensibilityGlobals) = postSolution
		SolutionGuid = {AB9DED38-13F9-4C02-A822-5789FA688427}
	EndGlobalSection
EndGlobal
